// !$*UTF8*$!
{
	archiveVersion = 1;
	classes = {
	};
	objectVersion = 55;
	objects = {

/* Begin PBXBuildFile section */
		810AD2AD28809F510046B8A2 /* SignInView.swift in Sources */ = {isa = PBXBuildFile; fileRef = 810AD2AC28809F510046B8A2 /* SignInView.swift */; };
		81392D3628872EEE00B83CFE /* Steps.swift in Sources */ = {isa = PBXBuildFile; fileRef = 81392D3528872EEE00B83CFE /* Steps.swift */; };
		81392D3828872F5F00B83CFE /* SessionStore.swift in Sources */ = {isa = PBXBuildFile; fileRef = 81392D3728872F5F00B83CFE /* SessionStore.swift */; };
		813D238128932E7500C4BDC8 /* FollowViewModel.swift in Sources */ = {isa = PBXBuildFile; fileRef = 813D238028932E7500C4BDC8 /* FollowViewModel.swift */; };
		8166FD622885ED89008D7627 /* SignInViewModel.swift in Sources */ = {isa = PBXBuildFile; fileRef = 8166FD612885ED89008D7627 /* SignInViewModel.swift */; };
		8166FD662885FE6B008D7627 /* Add.swift in Sources */ = {isa = PBXBuildFile; fileRef = 8166FD652885FE6B008D7627 /* Add.swift */; };
		8166FD6A2885FF17008D7627 /* Profile.swift in Sources */ = {isa = PBXBuildFile; fileRef = 8166FD692885FF17008D7627 /* Profile.swift */; };
		8166FD6C2885FF44008D7627 /* Main.swift in Sources */ = {isa = PBXBuildFile; fileRef = 8166FD6B2885FF44008D7627 /* Main.swift */; };
		8166FD6F2885FF87008D7627 /* Explore.swift in Sources */ = {isa = PBXBuildFile; fileRef = 8166FD6E2885FF87008D7627 /* Explore.swift */; };
		8181AECF288206EF001B6D43 /* UserEditView.swift in Sources */ = {isa = PBXBuildFile; fileRef = 8181AECE288206EF001B6D43 /* UserEditView.swift */; };
		818B87B3289337D600C55EBB /* FollowButton.swift in Sources */ = {isa = PBXBuildFile; fileRef = 818B87B2289337D600C55EBB /* FollowButton.swift */; };
		818B87B52893461E00C55EBB /* UsersProfileView.swift in Sources */ = {isa = PBXBuildFile; fileRef = 818B87B42893461E00C55EBB /* UsersProfileView.swift */; };
		818B87B728934DFB00C55EBB /* UserPostCardView.swift in Sources */ = {isa = PBXBuildFile; fileRef = 818B87B628934DFB00C55EBB /* UserPostCardView.swift */; };
		818B87B92894964A00C55EBB /* Furniture.swift in Sources */ = {isa = PBXBuildFile; fileRef = 818B87B82894964A00C55EBB /* Furniture.swift */; };
		818BE60028889A2600C4EF1E /* Post.swift in Sources */ = {isa = PBXBuildFile; fileRef = 818BE5FF28889A2600C4EF1E /* Post.swift */; };
		818BE60228889AF800C4EF1E /* PostViewModel.swift in Sources */ = {isa = PBXBuildFile; fileRef = 818BE60128889AF800C4EF1E /* PostViewModel.swift */; };
		818C2A6D28873F030050F477 /* ProfileHeader.swift in Sources */ = {isa = PBXBuildFile; fileRef = 818C2A6C28873F030050F477 /* ProfileHeader.swift */; };
		818C2A7228876FCA0050F477 /* oldMain.swift in Sources */ = {isa = PBXBuildFile; fileRef = 818C2A7128876FCA0050F477 /* oldMain.swift */; };
		818C2A79288789A60050F477 /* FirebaseAnalytics in Frameworks */ = {isa = PBXBuildFile; productRef = 818C2A78288789A60050F477 /* FirebaseAnalytics */; };
		818C2A7B288789A60050F477 /* FirebaseAuth in Frameworks */ = {isa = PBXBuildFile; productRef = 818C2A7A288789A60050F477 /* FirebaseAuth */; };
		818C2A7D288789A60050F477 /* FirebaseAuthCombine-Community in Frameworks */ = {isa = PBXBuildFile; productRef = 818C2A7C288789A60050F477 /* FirebaseAuthCombine-Community */; };
		818C2A7F288789A60050F477 /* FirebaseDatabase in Frameworks */ = {isa = PBXBuildFile; productRef = 818C2A7E288789A60050F477 /* FirebaseDatabase */; };
		818C2A81288789A60050F477 /* FirebaseDatabaseSwift in Frameworks */ = {isa = PBXBuildFile; productRef = 818C2A80288789A60050F477 /* FirebaseDatabaseSwift */; };
		818C2A83288789A70050F477 /* FirebaseFirestore in Frameworks */ = {isa = PBXBuildFile; productRef = 818C2A82288789A70050F477 /* FirebaseFirestore */; };
		818C2A85288789A70050F477 /* FirebaseFirestoreCombine-Community in Frameworks */ = {isa = PBXBuildFile; productRef = 818C2A84288789A70050F477 /* FirebaseFirestoreCombine-Community */; };
		818C2A87288789A70050F477 /* FirebaseFirestoreSwift in Frameworks */ = {isa = PBXBuildFile; productRef = 818C2A86288789A70050F477 /* FirebaseFirestoreSwift */; };
		818C2A89288789A70050F477 /* FirebaseInstallations in Frameworks */ = {isa = PBXBuildFile; productRef = 818C2A88288789A70050F477 /* FirebaseInstallations */; };
		818C2A8B288789A70050F477 /* FirebaseStorage in Frameworks */ = {isa = PBXBuildFile; productRef = 818C2A8A288789A70050F477 /* FirebaseStorage */; };
		818C2A8D288789A70050F477 /* FirebaseStorageCombine-Community in Frameworks */ = {isa = PBXBuildFile; productRef = 818C2A8C288789A70050F477 /* FirebaseStorageCombine-Community */; };
		818C2A9028878B350050F477 /* SDWebImageSwiftUI in Frameworks */ = {isa = PBXBuildFile; productRef = 818C2A8F28878B350050F477 /* SDWebImageSwiftUI */; };
		818C2A92288873D40050F477 /* UsersService.swift in Sources */ = {isa = PBXBuildFile; fileRef = 818C2A91288873D30050F477 /* UsersService.swift */; };
		8198FCEC2880F4820033421C /* Extensions.swift in Sources */ = {isa = PBXBuildFile; fileRef = 8198FCEB2880F4820033421C /* Extensions.swift */; };
		8198FCF02880FCD50033421C /* StorageService.swift in Sources */ = {isa = PBXBuildFile; fileRef = 8198FCEF2880FCD50033421C /* StorageService.swift */; };
		819AADF82899EF6500E1CA1D /* SwiftUIView.swift in Sources */ = {isa = PBXBuildFile; fileRef = 819AADF72899EF6500E1CA1D /* SwiftUIView.swift */; };
		81A89CCC289DCDDC00391066 /* LocationProfile.swift in Sources */ = {isa = PBXBuildFile; fileRef = 81A89CCB289DCDDC00391066 /* LocationProfile.swift */; };
		81AFA1EF287CCC620099D8FB /* User.swift in Sources */ = {isa = PBXBuildFile; fileRef = 81AFA1EE287CCC620099D8FB /* User.swift */; };
		81AFA1F1287CCC8A0099D8FB /* HomeView.swift in Sources */ = {isa = PBXBuildFile; fileRef = 81AFA1F0287CCC8A0099D8FB /* HomeView.swift */; };
		81AFA1F3287CD8420099D8FB /* GoogleService-Info.plist in Resources */ = {isa = PBXBuildFile; fileRef = 81AFA1F2287CD8420099D8FB /* GoogleService-Info.plist */; };
		81AFA235287E1DC50099D8FB /* UserViewModel.swift in Sources */ = {isa = PBXBuildFile; fileRef = 81AFA234287E1DC50099D8FB /* UserViewModel.swift */; };
		81B57358287E5B2E00F04ABC /* UserDetailView.swift in Sources */ = {isa = PBXBuildFile; fileRef = 81B57357287E5B2E00F04ABC /* UserDetailView.swift */; };
		81B982D22886202F00F848EC /* ButtonModifiers.swift in Sources */ = {isa = PBXBuildFile; fileRef = 81B982D12886202F00F848EC /* ButtonModifiers.swift */; };
		81B982D52886210400F848EC /* ImagePicker.swift in Sources */ = {isa = PBXBuildFile; fileRef = 81B982D42886210400F848EC /* ImagePicker.swift */; };
		81B982D72886234C00F848EC /* SignUpView.swift in Sources */ = {isa = PBXBuildFile; fileRef = 81B982D62886234C00F848EC /* SignUpView.swift */; };
		81B982D928862FE500F848EC /* FormField.swift in Sources */ = {isa = PBXBuildFile; fileRef = 81B982D828862FE500F848EC /* FormField.swift */; };
		81B982DB288636E900F848EC /* ContentView.swift in Sources */ = {isa = PBXBuildFile; fileRef = 81B982DA288636E900F848EC /* ContentView.swift */; };
		81BB5D1D288F4FC400835BE2 /* PostCardViewModel.swift in Sources */ = {isa = PBXBuildFile; fileRef = 81BB5D1C288F4FC400835BE2 /* PostCardViewModel.swift */; };
		81BB5D1F288F57A800835BE2 /* ProfileViewModel.swift in Sources */ = {isa = PBXBuildFile; fileRef = 81BB5D1E288F57A800835BE2 /* ProfileViewModel.swift */; };
		81BB5D21288F589200835BE2 /* PostCardImage.swift in Sources */ = {isa = PBXBuildFile; fileRef = 81BB5D20288F589200835BE2 /* PostCardImage.swift */; };
		81BB5D23288F5DD400835BE2 /* PostCard.swift in Sources */ = {isa = PBXBuildFile; fileRef = 81BB5D22288F5DD400835BE2 /* PostCard.swift */; };
		81BB5D25288FAB8F00835BE2 /* EditProfile.swift in Sources */ = {isa = PBXBuildFile; fileRef = 81BB5D24288FAB8F00835BE2 /* EditProfile.swift */; };
		81C6CA5F289996CE0073443F /* WelcomePage.swift in Sources */ = {isa = PBXBuildFile; fileRef = 81C6CA5E289996CE0073443F /* WelcomePage.swift */; };
		81D2E9652891B99C00F9BFF2 /* MainViewModel.swift in Sources */ = {isa = PBXBuildFile; fileRef = 81D2E9642891B99C00F9BFF2 /* MainViewModel.swift */; };
		81D2E96B2891DEB800F9BFF2 /* DataType.swift in Sources */ = {isa = PBXBuildFile; fileRef = 81D2E96A2891DEB800F9BFF2 /* DataType.swift */; };
		81D2E96D2891E46800F9BFF2 /* Search.swift in Sources */ = {isa = PBXBuildFile; fileRef = 81D2E96C2891E46700F9BFF2 /* Search.swift */; };
		81D2E96F2891E6A000F9BFF2 /* SearchBar.swift in Sources */ = {isa = PBXBuildFile; fileRef = 81D2E96E2891E6A000F9BFF2 /* SearchBar.swift */; };
		81D2E9712891EDE900F9BFF2 /* SearchViewModel.swift in Sources */ = {isa = PBXBuildFile; fileRef = 81D2E9702891EDE900F9BFF2 /* SearchViewModel.swift */; };
		81D2E9732891FC7D00F9BFF2 /* UserProfile.swift in Sources */ = {isa = PBXBuildFile; fileRef = 81D2E9722891FC7D00F9BFF2 /* UserProfile.swift */; };
		81DEB9902890AFF600854528 /* Loader.swift in Sources */ = {isa = PBXBuildFile; fileRef = 81DEB98F2890AFF600854528 /* Loader.swift */; };
		81DEB9922890B42700854528 /* Location.swift in Sources */ = {isa = PBXBuildFile; fileRef = 81DEB9912890B42700854528 /* Location.swift */; };
		81FB5D852878BB0400230D75 /* WoofCommunityApp.swift in Sources */ = {isa = PBXBuildFile; fileRef = 81FB5D842878BB0400230D75 /* WoofCommunityApp.swift */; };
		81FB5D892878BB0A00230D75 /* Assets.xcassets in Resources */ = {isa = PBXBuildFile; fileRef = 81FB5D882878BB0A00230D75 /* Assets.xcassets */; };
		81FB5D8C2878BB0A00230D75 /* Preview Assets.xcassets in Resources */ = {isa = PBXBuildFile; fileRef = 81FB5D8B2878BB0A00230D75 /* Preview Assets.xcassets */; };
/* End PBXBuildFile section */

/* Begin PBXFileReference section */
		810AD2AC28809F510046B8A2 /* SignInView.swift */ = {isa = PBXFileReference; lastKnownFileType = sourcecode.swift; path = SignInView.swift; sourceTree = "<group>"; };
		81392D3528872EEE00B83CFE /* Steps.swift */ = {isa = PBXFileReference; lastKnownFileType = sourcecode.swift; path = Steps.swift; sourceTree = "<group>"; };
		81392D3728872F5F00B83CFE /* SessionStore.swift */ = {isa = PBXFileReference; lastKnownFileType = sourcecode.swift; path = SessionStore.swift; sourceTree = "<group>"; };
		813D238028932E7500C4BDC8 /* FollowViewModel.swift */ = {isa = PBXFileReference; lastKnownFileType = sourcecode.swift; path = FollowViewModel.swift; sourceTree = "<group>"; };
		8166FD612885ED89008D7627 /* SignInViewModel.swift */ = {isa = PBXFileReference; lastKnownFileType = sourcecode.swift; path = SignInViewModel.swift; sourceTree = "<group>"; };
		8166FD652885FE6B008D7627 /* Add.swift */ = {isa = PBXFileReference; lastKnownFileType = sourcecode.swift; path = Add.swift; sourceTree = "<group>"; };
		8166FD692885FF17008D7627 /* Profile.swift */ = {isa = PBXFileReference; lastKnownFileType = sourcecode.swift; path = Profile.swift; sourceTree = "<group>"; };
		8166FD6B2885FF44008D7627 /* Main.swift */ = {isa = PBXFileReference; lastKnownFileType = sourcecode.swift; path = Main.swift; sourceTree = "<group>"; };
		8166FD6E2885FF87008D7627 /* Explore.swift */ = {isa = PBXFileReference; lastKnownFileType = sourcecode.swift; path = Explore.swift; sourceTree = "<group>"; };
		8181AECE288206EF001B6D43 /* UserEditView.swift */ = {isa = PBXFileReference; lastKnownFileType = sourcecode.swift; path = UserEditView.swift; sourceTree = "<group>"; };
		818B87B2289337D600C55EBB /* FollowButton.swift */ = {isa = PBXFileReference; lastKnownFileType = sourcecode.swift; path = FollowButton.swift; sourceTree = "<group>"; };
		818B87B42893461E00C55EBB /* UsersProfileView.swift */ = {isa = PBXFileReference; lastKnownFileType = sourcecode.swift; path = UsersProfileView.swift; sourceTree = "<group>"; };
		818B87B628934DFB00C55EBB /* UserPostCardView.swift */ = {isa = PBXFileReference; lastKnownFileType = sourcecode.swift; path = UserPostCardView.swift; sourceTree = "<group>"; };
		818B87B82894964A00C55EBB /* Furniture.swift */ = {isa = PBXFileReference; lastKnownFileType = sourcecode.swift; path = Furniture.swift; sourceTree = "<group>"; };
		818BE5FF28889A2600C4EF1E /* Post.swift */ = {isa = PBXFileReference; lastKnownFileType = sourcecode.swift; path = Post.swift; sourceTree = "<group>"; };
		818BE60128889AF800C4EF1E /* PostViewModel.swift */ = {isa = PBXFileReference; lastKnownFileType = sourcecode.swift; path = PostViewModel.swift; sourceTree = "<group>"; };
		818C2A6C28873F030050F477 /* ProfileHeader.swift */ = {isa = PBXFileReference; lastKnownFileType = sourcecode.swift; path = ProfileHeader.swift; sourceTree = "<group>"; };
		818C2A7128876FCA0050F477 /* oldMain.swift */ = {isa = PBXFileReference; lastKnownFileType = sourcecode.swift; path = oldMain.swift; sourceTree = "<group>"; };
		818C2A91288873D30050F477 /* UsersService.swift */ = {isa = PBXFileReference; lastKnownFileType = sourcecode.swift; path = UsersService.swift; sourceTree = "<group>"; };
		8198FCEB2880F4820033421C /* Extensions.swift */ = {isa = PBXFileReference; lastKnownFileType = sourcecode.swift; path = Extensions.swift; sourceTree = "<group>"; };
		8198FCEF2880FCD50033421C /* StorageService.swift */ = {isa = PBXFileReference; lastKnownFileType = sourcecode.swift; path = StorageService.swift; sourceTree = "<group>"; };
		819AADF72899EF6500E1CA1D /* SwiftUIView.swift */ = {isa = PBXFileReference; lastKnownFileType = sourcecode.swift; path = SwiftUIView.swift; sourceTree = "<group>"; };
		81A89CCB289DCDDC00391066 /* LocationProfile.swift */ = {isa = PBXFileReference; lastKnownFileType = sourcecode.swift; path = LocationProfile.swift; sourceTree = "<group>"; };
		81AFA1EE287CCC620099D8FB /* User.swift */ = {isa = PBXFileReference; lastKnownFileType = sourcecode.swift; path = User.swift; sourceTree = "<group>"; };
		81AFA1F0287CCC8A0099D8FB /* HomeView.swift */ = {isa = PBXFileReference; lastKnownFileType = sourcecode.swift; path = HomeView.swift; sourceTree = "<group>"; };
		81AFA1F2287CD8420099D8FB /* GoogleService-Info.plist */ = {isa = PBXFileReference; fileEncoding = 4; lastKnownFileType = text.plist.xml; path = "GoogleService-Info.plist"; sourceTree = "<group>"; };
		81AFA234287E1DC50099D8FB /* UserViewModel.swift */ = {isa = PBXFileReference; lastKnownFileType = sourcecode.swift; path = UserViewModel.swift; sourceTree = "<group>"; };
		81B57357287E5B2E00F04ABC /* UserDetailView.swift */ = {isa = PBXFileReference; lastKnownFileType = sourcecode.swift; path = UserDetailView.swift; sourceTree = "<group>"; };
		81B982D12886202F00F848EC /* ButtonModifiers.swift */ = {isa = PBXFileReference; lastKnownFileType = sourcecode.swift; path = ButtonModifiers.swift; sourceTree = "<group>"; };
		81B982D42886210400F848EC /* ImagePicker.swift */ = {isa = PBXFileReference; lastKnownFileType = sourcecode.swift; path = ImagePicker.swift; sourceTree = "<group>"; };
		81B982D62886234C00F848EC /* SignUpView.swift */ = {isa = PBXFileReference; lastKnownFileType = sourcecode.swift; path = SignUpView.swift; sourceTree = "<group>"; };
		81B982D828862FE500F848EC /* FormField.swift */ = {isa = PBXFileReference; lastKnownFileType = sourcecode.swift; path = FormField.swift; sourceTree = "<group>"; };
		81B982DA288636E900F848EC /* ContentView.swift */ = {isa = PBXFileReference; lastKnownFileType = sourcecode.swift; path = ContentView.swift; sourceTree = "<group>"; };
		81BB5D1C288F4FC400835BE2 /* PostCardViewModel.swift */ = {isa = PBXFileReference; lastKnownFileType = sourcecode.swift; path = PostCardViewModel.swift; sourceTree = "<group>"; };
		81BB5D1E288F57A800835BE2 /* ProfileViewModel.swift */ = {isa = PBXFileReference; lastKnownFileType = sourcecode.swift; path = ProfileViewModel.swift; sourceTree = "<group>"; };
		81BB5D20288F589200835BE2 /* PostCardImage.swift */ = {isa = PBXFileReference; lastKnownFileType = sourcecode.swift; path = PostCardImage.swift; sourceTree = "<group>"; };
		81BB5D22288F5DD400835BE2 /* PostCard.swift */ = {isa = PBXFileReference; lastKnownFileType = sourcecode.swift; path = PostCard.swift; sourceTree = "<group>"; };
		81BB5D24288FAB8F00835BE2 /* EditProfile.swift */ = {isa = PBXFileReference; lastKnownFileType = sourcecode.swift; path = EditProfile.swift; sourceTree = "<group>"; };
		81C6CA5E289996CE0073443F /* WelcomePage.swift */ = {isa = PBXFileReference; lastKnownFileType = sourcecode.swift; path = WelcomePage.swift; sourceTree = "<group>"; };
		81D2E9642891B99C00F9BFF2 /* MainViewModel.swift */ = {isa = PBXFileReference; lastKnownFileType = sourcecode.swift; path = MainViewModel.swift; sourceTree = "<group>"; };
		81D2E96A2891DEB800F9BFF2 /* DataType.swift */ = {isa = PBXFileReference; lastKnownFileType = sourcecode.swift; path = DataType.swift; sourceTree = "<group>"; };
		81D2E96C2891E46700F9BFF2 /* Search.swift */ = {isa = PBXFileReference; lastKnownFileType = sourcecode.swift; path = Search.swift; sourceTree = "<group>"; };
		81D2E96E2891E6A000F9BFF2 /* SearchBar.swift */ = {isa = PBXFileReference; lastKnownFileType = sourcecode.swift; path = SearchBar.swift; sourceTree = "<group>"; };
		81D2E9702891EDE900F9BFF2 /* SearchViewModel.swift */ = {isa = PBXFileReference; lastKnownFileType = sourcecode.swift; path = SearchViewModel.swift; sourceTree = "<group>"; };
		81D2E9722891FC7D00F9BFF2 /* UserProfile.swift */ = {isa = PBXFileReference; lastKnownFileType = sourcecode.swift; path = UserProfile.swift; sourceTree = "<group>"; };
		81DEB98E28909E2A00854528 /* Info.plist */ = {isa = PBXFileReference; lastKnownFileType = text.plist.xml; path = Info.plist; sourceTree = "<group>"; };
		81DEB98F2890AFF600854528 /* Loader.swift */ = {isa = PBXFileReference; lastKnownFileType = sourcecode.swift; path = Loader.swift; sourceTree = "<group>"; };
		81DEB9912890B42700854528 /* Location.swift */ = {isa = PBXFileReference; lastKnownFileType = sourcecode.swift; path = Location.swift; sourceTree = "<group>"; };
		81FB5D812878BB0400230D75 /* WoofCommunity.app */ = {isa = PBXFileReference; explicitFileType = wrapper.application; includeInIndex = 0; path = WoofCommunity.app; sourceTree = BUILT_PRODUCTS_DIR; };
		81FB5D842878BB0400230D75 /* WoofCommunityApp.swift */ = {isa = PBXFileReference; lastKnownFileType = sourcecode.swift; path = WoofCommunityApp.swift; sourceTree = "<group>"; };
		81FB5D882878BB0A00230D75 /* Assets.xcassets */ = {isa = PBXFileReference; lastKnownFileType = folder.assetcatalog; path = Assets.xcassets; sourceTree = "<group>"; };
		81FB5D8B2878BB0A00230D75 /* Preview Assets.xcassets */ = {isa = PBXFileReference; lastKnownFileType = folder.assetcatalog; path = "Preview Assets.xcassets"; sourceTree = "<group>"; };
/* End PBXFileReference section */

/* Begin PBXFrameworksBuildPhase section */
		81FB5D7E2878BB0400230D75 /* Frameworks */ = {
			isa = PBXFrameworksBuildPhase;
			buildActionMask = 2147483647;
			files = (
				818C2A9028878B350050F477 /* SDWebImageSwiftUI in Frameworks */,
				818C2A8D288789A70050F477 /* FirebaseStorageCombine-Community in Frameworks */,
				818C2A81288789A60050F477 /* FirebaseDatabaseSwift in Frameworks */,
				818C2A79288789A60050F477 /* FirebaseAnalytics in Frameworks */,
				818C2A7D288789A60050F477 /* FirebaseAuthCombine-Community in Frameworks */,
				818C2A8B288789A70050F477 /* FirebaseStorage in Frameworks */,
				818C2A89288789A70050F477 /* FirebaseInstallations in Frameworks */,
				818C2A7F288789A60050F477 /* FirebaseDatabase in Frameworks */,
				818C2A7B288789A60050F477 /* FirebaseAuth in Frameworks */,
				818C2A83288789A70050F477 /* FirebaseFirestore in Frameworks */,
				818C2A85288789A70050F477 /* FirebaseFirestoreCombine-Community in Frameworks */,
				818C2A87288789A70050F477 /* FirebaseFirestoreSwift in Frameworks */,
			);
			runOnlyForDeploymentPostprocessing = 0;
		};
/* End PBXFrameworksBuildPhase section */

/* Begin PBXGroup section */
		491E735FDCAA764D31FD9D2E /* Pods */ = {
			isa = PBXGroup;
			children = (
			);
			path = Pods;
			sourceTree = "<group>";
		};
		810AD2A928809C920046B8A2 /* Services */ = {
			isa = PBXGroup;
			children = (
				8198FCEF2880FCD50033421C /* StorageService.swift */,
				818C2A91288873D30050F477 /* UsersService.swift */,
				81392D3728872F5F00B83CFE /* SessionStore.swift */,
			);
			path = Services;
			sourceTree = "<group>";
		};
		8166FD6D2885FF59008D7627 /* Nav */ = {
			isa = PBXGroup;
			children = (
				81AFA1F0287CCC8A0099D8FB /* HomeView.swift */,
				8166FD6B2885FF44008D7627 /* Main.swift */,
				81B68D32289C7F3900972C0A /* Search */,
				81A89CCA289DCDAF00391066 /* Explore */,
				8166FD652885FE6B008D7627 /* Add.swift */,
				8166FD692885FF17008D7627 /* Profile.swift */,
				81BB5D24288FAB8F00835BE2 /* EditProfile.swift */,
				818B87B628934DFB00C55EBB /* UserPostCardView.swift */,
				818B87B42893461E00C55EBB /* UsersProfileView.swift */,
				819AADF72899EF6500E1CA1D /* SwiftUIView.swift */,
			);
			path = Nav;
			sourceTree = "<group>";
		};
		8166FD7128861CEE008D7627 /* Components */ = {
			isa = PBXGroup;
			children = (
				81B982D12886202F00F848EC /* ButtonModifiers.swift */,
				81B982D828862FE500F848EC /* FormField.swift */,
				818C2A6C28873F030050F477 /* ProfileHeader.swift */,
				81BB5D20288F589200835BE2 /* PostCardImage.swift */,
				81BB5D22288F5DD400835BE2 /* PostCard.swift */,
				81DEB98F2890AFF600854528 /* Loader.swift */,
				81D2E96A2891DEB800F9BFF2 /* DataType.swift */,
				81D2E96E2891E6A000F9BFF2 /* SearchBar.swift */,
				818B87B2289337D600C55EBB /* FollowButton.swift */,
			);
			path = Components;
			sourceTree = "<group>";
		};
		818C2A7328876FE00050F477 /* Old */ = {
			isa = PBXGroup;
			children = (
				8181AECE288206EF001B6D43 /* UserEditView.swift */,
				81B57357287E5B2E00F04ABC /* UserDetailView.swift */,
				818C2A7128876FCA0050F477 /* oldMain.swift */,
				81AFA234287E1DC50099D8FB /* UserViewModel.swift */,
				818B87B82894964A00C55EBB /* Furniture.swift */,
			);
			path = Old;
			sourceTree = "<group>";
		};
		81A89CCA289DCDAF00391066 /* Explore */ = {
			isa = PBXGroup;
			children = (
				8166FD6E2885FF87008D7627 /* Explore.swift */,
				81A89CCB289DCDDC00391066 /* LocationProfile.swift */,
			);
			path = Explore;
			sourceTree = "<group>";
		};
		81AFA1EA287CCC3C0099D8FB /* Models */ = {
			isa = PBXGroup;
			children = (
				81AFA1EE287CCC620099D8FB /* User.swift */,
				818BE5FF28889A2600C4EF1E /* Post.swift */,
				81DEB9912890B42700854528 /* Location.swift */,
			);
			path = Models;
			sourceTree = "<group>";
		};
		81AFA1EB287CCC400099D8FB /* Views */ = {
			isa = PBXGroup;
			children = (
				81FB5D842878BB0400230D75 /* WoofCommunityApp.swift */,
				81B982DA288636E900F848EC /* ContentView.swift */,
				810AD2AC28809F510046B8A2 /* SignInView.swift */,
				81B982D62886234C00F848EC /* SignUpView.swift */,
				81C6CA5E289996CE0073443F /* WelcomePage.swift */,
				8166FD6D2885FF59008D7627 /* Nav */,
				8166FD7128861CEE008D7627 /* Components */,
			);
			path = Views;
			sourceTree = "<group>";
		};
		81AFA1EC287CCC430099D8FB /* Resources */ = {
			isa = PBXGroup;
			children = (
				81AFA1F2287CD8420099D8FB /* GoogleService-Info.plist */,
				81FB5D882878BB0A00230D75 /* Assets.xcassets */,
			);
			path = Resources;
			sourceTree = "<group>";
		};
		81AFA233287E1DA80099D8FB /* ViewModels */ = {
			isa = PBXGroup;
			children = (
				810AD2A928809C920046B8A2 /* Services */,
				8166FD612885ED89008D7627 /* SignInViewModel.swift */,
				81D2E9642891B99C00F9BFF2 /* MainViewModel.swift */,
				81D2E9702891EDE900F9BFF2 /* SearchViewModel.swift */,
				81BB5D1E288F57A800835BE2 /* ProfileViewModel.swift */,
				818BE60128889AF800C4EF1E /* PostViewModel.swift */,
				81BB5D1C288F4FC400835BE2 /* PostCardViewModel.swift */,
				813D238028932E7500C4BDC8 /* FollowViewModel.swift */,
			);
			path = ViewModels;
			sourceTree = "<group>";
		};
		81B68D32289C7F3900972C0A /* Search */ = {
			isa = PBXGroup;
			children = (
				81D2E96C2891E46700F9BFF2 /* Search.swift */,
				81D2E9722891FC7D00F9BFF2 /* UserProfile.swift */,
			);
			path = Search;
			sourceTree = "<group>";
		};
		81B982D3288620E300F848EC /* Utilities */ = {
			isa = PBXGroup;
			children = (
				8198FCEB2880F4820033421C /* Extensions.swift */,
				81B982D42886210400F848EC /* ImagePicker.swift */,
			);
			path = Utilities;
			sourceTree = "<group>";
		};
		81FB5D782878BB0400230D75 = {
			isa = PBXGroup;
			children = (
				81FB5D832878BB0400230D75 /* WoofCommunity */,
				81FB5D822878BB0400230D75 /* Products */,
				491E735FDCAA764D31FD9D2E /* Pods */,
			);
			sourceTree = "<group>";
		};
		81FB5D822878BB0400230D75 /* Products */ = {
			isa = PBXGroup;
			children = (
				81FB5D812878BB0400230D75 /* WoofCommunity.app */,
			);
			name = Products;
			sourceTree = "<group>";
		};
		81FB5D832878BB0400230D75 /* WoofCommunity */ = {
			isa = PBXGroup;
			children = (
				81DEB98E28909E2A00854528 /* Info.plist */,
				81392D3528872EEE00B83CFE /* Steps.swift */,
				81AFA1EA287CCC3C0099D8FB /* Models */,
				81AFA233287E1DA80099D8FB /* ViewModels */,
				81AFA1EB287CCC400099D8FB /* Views */,
				818C2A7328876FE00050F477 /* Old */,
				81B982D3288620E300F848EC /* Utilities */,
				81AFA1EC287CCC430099D8FB /* Resources */,
				81FB5D8A2878BB0A00230D75 /* Preview Content */,
			);
			path = WoofCommunity;
			sourceTree = "<group>";
		};
		81FB5D8A2878BB0A00230D75 /* Preview Content */ = {
			isa = PBXGroup;
			children = (
				954958042A7796703ED807D8 /* Pods */,
				81FB5D8B2878BB0A00230D75 /* Preview Assets.xcassets */,
			);
			path = "Preview Content";
			sourceTree = "<group>";
		};
		954958042A7796703ED807D8 /* Pods */ = {
			isa = PBXGroup;
			children = (
			);
			path = Pods;
			sourceTree = "<group>";
		};
/* End PBXGroup section */

/* Begin PBXNativeTarget section */
		81FB5D802878BB0400230D75 /* WoofCommunity */ = {
			isa = PBXNativeTarget;
			buildConfigurationList = 81FB5D8F2878BB0A00230D75 /* Build configuration list for PBXNativeTarget "WoofCommunity" */;
			buildPhases = (
				81FB5D7D2878BB0400230D75 /* Sources */,
				81FB5D7E2878BB0400230D75 /* Frameworks */,
				81FB5D7F2878BB0400230D75 /* Resources */,
			);
			buildRules = (
			);
			dependencies = (
			);
			name = WoofCommunity;
			packageProductDependencies = (
				818C2A78288789A60050F477 /* FirebaseAnalytics */,
				818C2A7A288789A60050F477 /* FirebaseAuth */,
				818C2A7C288789A60050F477 /* FirebaseAuthCombine-Community */,
				818C2A7E288789A60050F477 /* FirebaseDatabase */,
				818C2A80288789A60050F477 /* FirebaseDatabaseSwift */,
				818C2A82288789A70050F477 /* FirebaseFirestore */,
				818C2A84288789A70050F477 /* FirebaseFirestoreCombine-Community */,
				818C2A86288789A70050F477 /* FirebaseFirestoreSwift */,
				818C2A88288789A70050F477 /* FirebaseInstallations */,
				818C2A8A288789A70050F477 /* FirebaseStorage */,
				818C2A8C288789A70050F477 /* FirebaseStorageCombine-Community */,
				818C2A8F28878B350050F477 /* SDWebImageSwiftUI */,
			);
			productName = WoofCommunity;
			productReference = 81FB5D812878BB0400230D75 /* WoofCommunity.app */;
			productType = "com.apple.product-type.application";
		};
/* End PBXNativeTarget section */

/* Begin PBXProject section */
		81FB5D792878BB0400230D75 /* Project object */ = {
			isa = PBXProject;
			attributes = {
				BuildIndependentTargetsInParallel = 1;
				LastSwiftUpdateCheck = 1340;
				LastUpgradeCheck = 1340;
				TargetAttributes = {
					81FB5D802878BB0400230D75 = {
						CreatedOnToolsVersion = 13.4.1;
					};
				};
			};
			buildConfigurationList = 81FB5D7C2878BB0400230D75 /* Build configuration list for PBXProject "WoofCommunity" */;
			compatibilityVersion = "Xcode 13.0";
			developmentRegion = en;
			hasScannedForEncodings = 0;
			knownRegions = (
				en,
				Base,
			);
			mainGroup = 81FB5D782878BB0400230D75;
			packageReferences = (
				81392D2E28871C6900B83CFE /* XCRemoteSwiftPackageReference "firebase-ios-sdk" */,
				81392D3928873D3600B83CFE /* XCRemoteSwiftPackageReference "SDWebImageSwiftUI" */,
				818C2A6E288741250050F477 /* XCRemoteSwiftPackageReference "SDWebImageSwiftUI" */,
				818C2A7428877B4F0050F477 /* XCRemoteSwiftPackageReference "SDWebImageSwiftUI" */,
				818C2A77288789A60050F477 /* XCRemoteSwiftPackageReference "firebase-ios-sdk" */,
				818C2A8E28878B340050F477 /* XCRemoteSwiftPackageReference "SDWebImageSwiftUI" */,
			);
			productRefGroup = 81FB5D822878BB0400230D75 /* Products */;
			projectDirPath = "";
			projectRoot = "";
			targets = (
				81FB5D802878BB0400230D75 /* WoofCommunity */,
			);
		};
/* End PBXProject section */

/* Begin PBXResourcesBuildPhase section */
		81FB5D7F2878BB0400230D75 /* Resources */ = {
			isa = PBXResourcesBuildPhase;
			buildActionMask = 2147483647;
			files = (
				81FB5D8C2878BB0A00230D75 /* Preview Assets.xcassets in Resources */,
				81FB5D892878BB0A00230D75 /* Assets.xcassets in Resources */,
				81AFA1F3287CD8420099D8FB /* GoogleService-Info.plist in Resources */,
			);
			runOnlyForDeploymentPostprocessing = 0;
		};
/* End PBXResourcesBuildPhase section */

/* Begin PBXSourcesBuildPhase section */
		81FB5D7D2878BB0400230D75 /* Sources */ = {
			isa = PBXSourcesBuildPhase;
			buildActionMask = 2147483647;
			files = (
				81BB5D23288F5DD400835BE2 /* PostCard.swift in Sources */,
				81DEB9922890B42700854528 /* Location.swift in Sources */,
				81392D3828872F5F00B83CFE /* SessionStore.swift in Sources */,
				81B982DB288636E900F848EC /* ContentView.swift in Sources */,
				81BB5D25288FAB8F00835BE2 /* EditProfile.swift in Sources */,
				81D2E96B2891DEB800F9BFF2 /* DataType.swift in Sources */,
				81BB5D1F288F57A800835BE2 /* ProfileViewModel.swift in Sources */,
				8166FD6C2885FF44008D7627 /* Main.swift in Sources */,
				81FB5D852878BB0400230D75 /* WoofCommunityApp.swift in Sources */,
				81AFA235287E1DC50099D8FB /* UserViewModel.swift in Sources */,
				81B982D52886210400F848EC /* ImagePicker.swift in Sources */,
				81C6CA5F289996CE0073443F /* WelcomePage.swift in Sources */,
				8166FD662885FE6B008D7627 /* Add.swift in Sources */,
				819AADF82899EF6500E1CA1D /* SwiftUIView.swift in Sources */,
				818C2A6D28873F030050F477 /* ProfileHeader.swift in Sources */,
				8166FD6A2885FF17008D7627 /* Profile.swift in Sources */,
				81B982D22886202F00F848EC /* ButtonModifiers.swift in Sources */,
				81D2E96D2891E46800F9BFF2 /* Search.swift in Sources */,
				818C2A7228876FCA0050F477 /* oldMain.swift in Sources */,
				81AFA1EF287CCC620099D8FB /* User.swift in Sources */,
				818C2A92288873D40050F477 /* UsersService.swift in Sources */,
				818B87B52893461E00C55EBB /* UsersProfileView.swift in Sources */,
				81D2E9732891FC7D00F9BFF2 /* UserProfile.swift in Sources */,
				8181AECF288206EF001B6D43 /* UserEditView.swift in Sources */,
				818B87B92894964A00C55EBB /* Furniture.swift in Sources */,
				818BE60228889AF800C4EF1E /* PostViewModel.swift in Sources */,
				8166FD6F2885FF87008D7627 /* Explore.swift in Sources */,
				813D238128932E7500C4BDC8 /* FollowViewModel.swift in Sources */,
				81B982D928862FE500F848EC /* FormField.swift in Sources */,
				8198FCEC2880F4820033421C /* Extensions.swift in Sources */,
				818B87B728934DFB00C55EBB /* UserPostCardView.swift in Sources */,
				810AD2AD28809F510046B8A2 /* SignInView.swift in Sources */,
				81B57358287E5B2E00F04ABC /* UserDetailView.swift in Sources */,
				81D2E9712891EDE900F9BFF2 /* SearchViewModel.swift in Sources */,
				818B87B3289337D600C55EBB /* FollowButton.swift in Sources */,
				81D2E96F2891E6A000F9BFF2 /* SearchBar.swift in Sources */,
				81392D3628872EEE00B83CFE /* Steps.swift in Sources */,
				81D2E9652891B99C00F9BFF2 /* MainViewModel.swift in Sources */,
				81BB5D1D288F4FC400835BE2 /* PostCardViewModel.swift in Sources */,
				8166FD622885ED89008D7627 /* SignInViewModel.swift in Sources */,
				81AFA1F1287CCC8A0099D8FB /* HomeView.swift in Sources */,
				818BE60028889A2600C4EF1E /* Post.swift in Sources */,
				81A89CCC289DCDDC00391066 /* LocationProfile.swift in Sources */,
				81B982D72886234C00F848EC /* SignUpView.swift in Sources */,
				8198FCF02880FCD50033421C /* StorageService.swift in Sources */,
				81DEB9902890AFF600854528 /* Loader.swift in Sources */,
				81BB5D21288F589200835BE2 /* PostCardImage.swift in Sources */,
			);
			runOnlyForDeploymentPostprocessing = 0;
		};
/* End PBXSourcesBuildPhase section */

/* Begin XCBuildConfiguration section */
		81FB5D8D2878BB0A00230D75 /* Debug */ = {
			isa = XCBuildConfiguration;
			buildSettings = {
				ALWAYS_SEARCH_USER_PATHS = NO;
				CLANG_ANALYZER_NONNULL = YES;
				CLANG_ANALYZER_NUMBER_OBJECT_CONVERSION = YES_AGGRESSIVE;
				CLANG_CXX_LANGUAGE_STANDARD = "gnu++17";
				CLANG_ENABLE_MODULES = YES;
				CLANG_ENABLE_OBJC_ARC = YES;
				CLANG_ENABLE_OBJC_WEAK = YES;
				CLANG_WARN_BLOCK_CAPTURE_AUTORELEASING = YES;
				CLANG_WARN_BOOL_CONVERSION = YES;
				CLANG_WARN_COMMA = YES;
				CLANG_WARN_CONSTANT_CONVERSION = YES;
				CLANG_WARN_DEPRECATED_OBJC_IMPLEMENTATIONS = YES;
				CLANG_WARN_DIRECT_OBJC_ISA_USAGE = YES_ERROR;
				CLANG_WARN_DOCUMENTATION_COMMENTS = YES;
				CLANG_WARN_EMPTY_BODY = YES;
				CLANG_WARN_ENUM_CONVERSION = YES;
				CLANG_WARN_INFINITE_RECURSION = YES;
				CLANG_WARN_INT_CONVERSION = YES;
				CLANG_WARN_NON_LITERAL_NULL_CONVERSION = YES;
				CLANG_WARN_OBJC_IMPLICIT_RETAIN_SELF = YES;
				CLANG_WARN_OBJC_LITERAL_CONVERSION = YES;
				CLANG_WARN_OBJC_ROOT_CLASS = YES_ERROR;
				CLANG_WARN_QUOTED_INCLUDE_IN_FRAMEWORK_HEADER = YES;
				CLANG_WARN_RANGE_LOOP_ANALYSIS = YES;
				CLANG_WARN_STRICT_PROTOTYPES = YES;
				CLANG_WARN_SUSPICIOUS_MOVE = YES;
				CLANG_WARN_UNGUARDED_AVAILABILITY = YES_AGGRESSIVE;
				CLANG_WARN_UNREACHABLE_CODE = YES;
				CLANG_WARN__DUPLICATE_METHOD_MATCH = YES;
				COPY_PHASE_STRIP = NO;
				DEBUG_INFORMATION_FORMAT = dwarf;
				ENABLE_STRICT_OBJC_MSGSEND = YES;
				ENABLE_TESTABILITY = YES;
				GCC_C_LANGUAGE_STANDARD = gnu11;
				GCC_DYNAMIC_NO_PIC = NO;
				GCC_NO_COMMON_BLOCKS = YES;
				GCC_OPTIMIZATION_LEVEL = 0;
				GCC_PREPROCESSOR_DEFINITIONS = (
					"DEBUG=1",
					"$(inherited)",
				);
				GCC_WARN_64_TO_32_BIT_CONVERSION = YES;
				GCC_WARN_ABOUT_RETURN_TYPE = YES_ERROR;
				GCC_WARN_UNDECLARED_SELECTOR = YES;
				GCC_WARN_UNINITIALIZED_AUTOS = YES_AGGRESSIVE;
				GCC_WARN_UNUSED_FUNCTION = YES;
				GCC_WARN_UNUSED_VARIABLE = YES;
				IPHONEOS_DEPLOYMENT_TARGET = 15.5;
				MTL_ENABLE_DEBUG_INFO = INCLUDE_SOURCE;
				MTL_FAST_MATH = YES;
				ONLY_ACTIVE_ARCH = YES;
				SDKROOT = iphoneos;
				SWIFT_ACTIVE_COMPILATION_CONDITIONS = DEBUG;
				SWIFT_OPTIMIZATION_LEVEL = "-Onone";
			};
			name = Debug;
		};
		81FB5D8E2878BB0A00230D75 /* Release */ = {
			isa = XCBuildConfiguration;
			buildSettings = {
				ALWAYS_SEARCH_USER_PATHS = NO;
				CLANG_ANALYZER_NONNULL = YES;
				CLANG_ANALYZER_NUMBER_OBJECT_CONVERSION = YES_AGGRESSIVE;
				CLANG_CXX_LANGUAGE_STANDARD = "gnu++17";
				CLANG_ENABLE_MODULES = YES;
				CLANG_ENABLE_OBJC_ARC = YES;
				CLANG_ENABLE_OBJC_WEAK = YES;
				CLANG_WARN_BLOCK_CAPTURE_AUTORELEASING = YES;
				CLANG_WARN_BOOL_CONVERSION = YES;
				CLANG_WARN_COMMA = YES;
				CLANG_WARN_CONSTANT_CONVERSION = YES;
				CLANG_WARN_DEPRECATED_OBJC_IMPLEMENTATIONS = YES;
				CLANG_WARN_DIRECT_OBJC_ISA_USAGE = YES_ERROR;
				CLANG_WARN_DOCUMENTATION_COMMENTS = YES;
				CLANG_WARN_EMPTY_BODY = YES;
				CLANG_WARN_ENUM_CONVERSION = YES;
				CLANG_WARN_INFINITE_RECURSION = YES;
				CLANG_WARN_INT_CONVERSION = YES;
				CLANG_WARN_NON_LITERAL_NULL_CONVERSION = YES;
				CLANG_WARN_OBJC_IMPLICIT_RETAIN_SELF = YES;
				CLANG_WARN_OBJC_LITERAL_CONVERSION = YES;
				CLANG_WARN_OBJC_ROOT_CLASS = YES_ERROR;
				CLANG_WARN_QUOTED_INCLUDE_IN_FRAMEWORK_HEADER = YES;
				CLANG_WARN_RANGE_LOOP_ANALYSIS = YES;
				CLANG_WARN_STRICT_PROTOTYPES = YES;
				CLANG_WARN_SUSPICIOUS_MOVE = YES;
				CLANG_WARN_UNGUARDED_AVAILABILITY = YES_AGGRESSIVE;
				CLANG_WARN_UNREACHABLE_CODE = YES;
				CLANG_WARN__DUPLICATE_METHOD_MATCH = YES;
				COPY_PHASE_STRIP = NO;
				DEBUG_INFORMATION_FORMAT = "dwarf-with-dsym";
				ENABLE_NS_ASSERTIONS = NO;
				ENABLE_STRICT_OBJC_MSGSEND = YES;
				GCC_C_LANGUAGE_STANDARD = gnu11;
				GCC_NO_COMMON_BLOCKS = YES;
				GCC_WARN_64_TO_32_BIT_CONVERSION = YES;
				GCC_WARN_ABOUT_RETURN_TYPE = YES_ERROR;
				GCC_WARN_UNDECLARED_SELECTOR = YES;
				GCC_WARN_UNINITIALIZED_AUTOS = YES_AGGRESSIVE;
				GCC_WARN_UNUSED_FUNCTION = YES;
				GCC_WARN_UNUSED_VARIABLE = YES;
				IPHONEOS_DEPLOYMENT_TARGET = 15.5;
				MTL_ENABLE_DEBUG_INFO = NO;
				MTL_FAST_MATH = YES;
				SDKROOT = iphoneos;
				SWIFT_COMPILATION_MODE = wholemodule;
				SWIFT_OPTIMIZATION_LEVEL = "-O";
				VALIDATE_PRODUCT = YES;
			};
			name = Release;
		};
		81FB5D902878BB0A00230D75 /* Debug */ = {
			isa = XCBuildConfiguration;
			buildSettings = {
				ASSETCATALOG_COMPILER_APPICON_NAME = AppIcon;
				ASSETCATALOG_COMPILER_GLOBAL_ACCENT_COLOR_NAME = AccentColor;
				CODE_SIGN_STYLE = Automatic;
				CURRENT_PROJECT_VERSION = 1;
				DEVELOPMENT_ASSET_PATHS = "\"WoofCommunity/Preview Content\"";
				DEVELOPMENT_TEAM = 2864USZ3L7;
				ENABLE_PREVIEWS = YES;
				GENERATE_INFOPLIST_FILE = YES;
				INFOPLIST_FILE = WoofCommunity/Info.plist;
				INFOPLIST_KEY_NSLocationAlwaysAndWhenInUseUsageDescription = "";
				INFOPLIST_KEY_NSLocationAlwaysUsageDescription = "";
				INFOPLIST_KEY_NSLocationUsageDescription = "";
				INFOPLIST_KEY_NSLocationWhenInUseUsageDescription = "";
				INFOPLIST_KEY_UIApplicationSceneManifest_Generation = YES;
				INFOPLIST_KEY_UIApplicationSupportsIndirectInputEvents = YES;
				INFOPLIST_KEY_UILaunchScreen_Generation = YES;
				INFOPLIST_KEY_UISupportedInterfaceOrientations_iPad = "UIInterfaceOrientationPortrait UIInterfaceOrientationPortraitUpsideDown UIInterfaceOrientationLandscapeLeft UIInterfaceOrientationLandscapeRight";
				INFOPLIST_KEY_UISupportedInterfaceOrientations_iPhone = "UIInterfaceOrientationPortrait UIInterfaceOrientationLandscapeLeft UIInterfaceOrientationLandscapeRight";
				IPHONEOS_DEPLOYMENT_TARGET = 15.0;
				LD_RUNPATH_SEARCH_PATHS = (
					"$(inherited)",
					"@executable_path/Frameworks",
				);
				MARKETING_VERSION = 1.0;
				PRODUCT_BUNDLE_IDENTIFIER = "com.kathleendiep.woof-community";
				PRODUCT_NAME = "$(TARGET_NAME)";
				SWIFT_EMIT_LOC_STRINGS = YES;
				SWIFT_VERSION = 5.0;
				TARGETED_DEVICE_FAMILY = "1,2";
			};
			name = Debug;
		};
		81FB5D912878BB0A00230D75 /* Release */ = {
			isa = XCBuildConfiguration;
			buildSettings = {
				ASSETCATALOG_COMPILER_APPICON_NAME = AppIcon;
				ASSETCATALOG_COMPILER_GLOBAL_ACCENT_COLOR_NAME = AccentColor;
				CODE_SIGN_STYLE = Automatic;
				CURRENT_PROJECT_VERSION = 1;
				DEVELOPMENT_ASSET_PATHS = "\"WoofCommunity/Preview Content\"";
				DEVELOPMENT_TEAM = 2864USZ3L7;
				ENABLE_PREVIEWS = YES;
				GENERATE_INFOPLIST_FILE = YES;
				INFOPLIST_FILE = WoofCommunity/Info.plist;
				INFOPLIST_KEY_NSLocationAlwaysAndWhenInUseUsageDescription = "";
				INFOPLIST_KEY_NSLocationAlwaysUsageDescription = "";
				INFOPLIST_KEY_NSLocationUsageDescription = "";
				INFOPLIST_KEY_NSLocationWhenInUseUsageDescription = "";
				INFOPLIST_KEY_UIApplicationSceneManifest_Generation = YES;
				INFOPLIST_KEY_UIApplicationSupportsIndirectInputEvents = YES;
				INFOPLIST_KEY_UILaunchScreen_Generation = YES;
				INFOPLIST_KEY_UISupportedInterfaceOrientations_iPad = "UIInterfaceOrientationPortrait UIInterfaceOrientationPortraitUpsideDown UIInterfaceOrientationLandscapeLeft UIInterfaceOrientationLandscapeRight";
				INFOPLIST_KEY_UISupportedInterfaceOrientations_iPhone = "UIInterfaceOrientationPortrait UIInterfaceOrientationLandscapeLeft UIInterfaceOrientationLandscapeRight";
				IPHONEOS_DEPLOYMENT_TARGET = 15.0;
				LD_RUNPATH_SEARCH_PATHS = (
					"$(inherited)",
					"@executable_path/Frameworks",
				);
				MARKETING_VERSION = 1.0;
				PRODUCT_BUNDLE_IDENTIFIER = "com.kathleendiep.woof-community";
				PRODUCT_NAME = "$(TARGET_NAME)";
				SWIFT_EMIT_LOC_STRINGS = YES;
				SWIFT_VERSION = 5.0;
				TARGETED_DEVICE_FAMILY = "1,2";
			};
			name = Release;
		};
/* End XCBuildConfiguration section */

/* Begin XCConfigurationList section */
		81FB5D7C2878BB0400230D75 /* Build configuration list for PBXProject "WoofCommunity" */ = {
			isa = XCConfigurationList;
			buildConfigurations = (
				81FB5D8D2878BB0A00230D75 /* Debug */,
				81FB5D8E2878BB0A00230D75 /* Release */,
			);
			defaultConfigurationIsVisible = 0;
			defaultConfigurationName = Release;
		};
		81FB5D8F2878BB0A00230D75 /* Build configuration list for PBXNativeTarget "WoofCommunity" */ = {
			isa = XCConfigurationList;
			buildConfigurations = (
				81FB5D902878BB0A00230D75 /* Debug */,
				81FB5D912878BB0A00230D75 /* Release */,
			);
			defaultConfigurationIsVisible = 0;
			defaultConfigurationName = Release;
		};
/* End XCConfigurationList section */

/* Begin XCRemoteSwiftPackageReference section */
		81392D2E28871C6900B83CFE /* XCRemoteSwiftPackageReference "firebase-ios-sdk" */ = {
			isa = XCRemoteSwiftPackageReference;
			repositoryURL = "https://github.com/firebase/firebase-ios-sdk";
			requirement = {
				branch = master;
				kind = branch;
			};
		};
		81392D3928873D3600B83CFE /* XCRemoteSwiftPackageReference "SDWebImageSwiftUI" */ = {
			isa = XCRemoteSwiftPackageReference;
			repositoryURL = "https://github.com/SDWebImage/SDWebImageSwiftUI.git";
			requirement = {
				kind = exactVersion;
				version = 2.0.2;
			};
		};
		818C2A6E288741250050F477 /* XCRemoteSwiftPackageReference "SDWebImageSwiftUI" */ = {
			isa = XCRemoteSwiftPackageReference;
			repositoryURL = "https://github.com/SDWebImage/SDWebImageSwiftUI.git";
			requirement = {
				branch = master;
				kind = branch;
			};
		};
		818C2A7428877B4F0050F477 /* XCRemoteSwiftPackageReference "SDWebImageSwiftUI" */ = {
			isa = XCRemoteSwiftPackageReference;
			repositoryURL = "https://github.com/SDWebImage/SDWebImageSwiftUI.git";
			requirement = {
				branch = master;
				kind = branch;
			};
		};
		818C2A77288789A60050F477 /* XCRemoteSwiftPackageReference "firebase-ios-sdk" */ = {
			isa = XCRemoteSwiftPackageReference;
			repositoryURL = "https://github.com/firebase/firebase-ios-sdk";
			requirement = {
				branch = master;
				kind = branch;
			};
		};
		818C2A8E28878B340050F477 /* XCRemoteSwiftPackageReference "SDWebImageSwiftUI" */ = {
			isa = XCRemoteSwiftPackageReference;
			repositoryURL = "https://github.com/SDWebImage/SDWebImageSwiftUI.git";
			requirement = {
				branch = master;
				kind = branch;
			};
		};
/* End XCRemoteSwiftPackageReference section */

/* Begin XCSwiftPackageProductDependency section */
		818C2A78288789A60050F477 /* FirebaseAnalytics */ = {
			isa = XCSwiftPackageProductDependency;
			package = 81392D2E28871C6900B83CFE /* XCRemoteSwiftPackageReference "firebase-ios-sdk" */;
			productName = FirebaseAnalytics;
		};
		818C2A7A288789A60050F477 /* FirebaseAuth */ = {
			isa = XCSwiftPackageProductDependency;
			package = 81392D2E28871C6900B83CFE /* XCRemoteSwiftPackageReference "firebase-ios-sdk" */;
			productName = FirebaseAuth;
		};
		818C2A7C288789A60050F477 /* FirebaseAuthCombine-Community */ = {
			isa = XCSwiftPackageProductDependency;
			package = 81392D2E28871C6900B83CFE /* XCRemoteSwiftPackageReference "firebase-ios-sdk" */;
			productName = "FirebaseAuthCombine-Community";
		};
		818C2A7E288789A60050F477 /* FirebaseDatabase */ = {
			isa = XCSwiftPackageProductDependency;
			package = 81392D2E28871C6900B83CFE /* XCRemoteSwiftPackageReference "firebase-ios-sdk" */;
			productName = FirebaseDatabase;
		};
		818C2A80288789A60050F477 /* FirebaseDatabaseSwift */ = {
			isa = XCSwiftPackageProductDependency;
			package = 81392D2E28871C6900B83CFE /* XCRemoteSwiftPackageReference "firebase-ios-sdk" */;
			productName = FirebaseDatabaseSwift;
		};
		818C2A82288789A70050F477 /* FirebaseFirestore */ = {
			isa = XCSwiftPackageProductDependency;
			package = 81392D2E28871C6900B83CFE /* XCRemoteSwiftPackageReference "firebase-ios-sdk" */;
			productName = FirebaseFirestore;
		};
		818C2A84288789A70050F477 /* FirebaseFirestoreCombine-Community */ = {
			isa = XCSwiftPackageProductDependency;
			package = 81392D2E28871C6900B83CFE /* XCRemoteSwiftPackageReference "firebase-ios-sdk" */;
			productName = "FirebaseFirestoreCombine-Community";
		};
		818C2A86288789A70050F477 /* FirebaseFirestoreSwift */ = {
			isa = XCSwiftPackageProductDependency;
			package = 81392D2E28871C6900B83CFE /* XCRemoteSwiftPackageReference "firebase-ios-sdk" */;
			productName = FirebaseFirestoreSwift;
		};
		818C2A88288789A70050F477 /* FirebaseInstallations */ = {
			isa = XCSwiftPackageProductDependency;
			package = 81392D2E28871C6900B83CFE /* XCRemoteSwiftPackageReference "firebase-ios-sdk" */;
			productName = FirebaseInstallations;
		};
		818C2A8A288789A70050F477 /* FirebaseStorage */ = {
			isa = XCSwiftPackageProductDependency;
			package = 81392D2E28871C6900B83CFE /* XCRemoteSwiftPackageReference "firebase-ios-sdk" */;
			productName = FirebaseStorage;
		};
		818C2A8C288789A70050F477 /* FirebaseStorageCombine-Community */ = {
			isa = XCSwiftPackageProductDependency;
			package = 81392D2E28871C6900B83CFE /* XCRemoteSwiftPackageReference "firebase-ios-sdk" */;
			productName = "FirebaseStorageCombine-Community";
		};
		818C2A8F28878B350050F477 /* SDWebImageSwiftUI */ = {
			isa = XCSwiftPackageProductDependency;
			package = 818C2A6E288741250050F477 /* XCRemoteSwiftPackageReference "SDWebImageSwiftUI" */;
			productName = SDWebImageSwiftUI;
		};
/* End XCSwiftPackageProductDependency section */
	};
	rootObject = 81FB5D792878BB0400230D75 /* Project object */;
}
