// !$*UTF8*$!
{
	archiveVersion = 1;
	classes = {
	};
	objectVersion = 55;
	objects = {

/* Begin PBXBuildFile section */
		173221C85682704D6C1ECC16 /* Pods_WoofCommunity.framework in Frameworks */ = {isa = PBXBuildFile; fileRef = 6AE26C821AE8E16F9B9C0ADE /* Pods_WoofCommunity.framework */; };
		810AD2AB28809C9E0046B8A2 /* AuthenticationService.swift in Sources */ = {isa = PBXBuildFile; fileRef = 810AD2AA28809C9E0046B8A2 /* AuthenticationService.swift */; };
		810AD2AD28809F510046B8A2 /* SignInView.swift in Sources */ = {isa = PBXBuildFile; fileRef = 810AD2AC28809F510046B8A2 /* SignInView.swift */; };
		81AFA1EF287CCC620099D8FB /* User.swift in Sources */ = {isa = PBXBuildFile; fileRef = 81AFA1EE287CCC620099D8FB /* User.swift */; };
		81AFA1F1287CCC8A0099D8FB /* HomePageListView.swift in Sources */ = {isa = PBXBuildFile; fileRef = 81AFA1F0287CCC8A0099D8FB /* HomePageListView.swift */; };
		81AFA1F3287CD8420099D8FB /* GoogleService-Info.plist in Resources */ = {isa = PBXBuildFile; fileRef = 81AFA1F2287CD8420099D8FB /* GoogleService-Info.plist */; };
		81AFA235287E1DC50099D8FB /* UserViewModel.swift in Sources */ = {isa = PBXBuildFile; fileRef = 81AFA234287E1DC50099D8FB /* UserViewModel.swift */; };
		81B57358287E5B2E00F04ABC /* UserDetailView.swift in Sources */ = {isa = PBXBuildFile; fileRef = 81B57357287E5B2E00F04ABC /* UserDetailView.swift */; };
		81FB5D852878BB0400230D75 /* WoofCommunityApp.swift in Sources */ = {isa = PBXBuildFile; fileRef = 81FB5D842878BB0400230D75 /* WoofCommunityApp.swift */; };
		81FB5D892878BB0A00230D75 /* Assets.xcassets in Resources */ = {isa = PBXBuildFile; fileRef = 81FB5D882878BB0A00230D75 /* Assets.xcassets */; };
		81FB5D8C2878BB0A00230D75 /* Preview Assets.xcassets in Resources */ = {isa = PBXBuildFile; fileRef = 81FB5D8B2878BB0A00230D75 /* Preview Assets.xcassets */; };
/* End PBXBuildFile section */

/* Begin PBXFileReference section */
		0B6F4FFFBEAC5F859D81ECA5 /* Pods-WoofCommunity.release.xcconfig */ = {isa = PBXFileReference; includeInIndex = 1; lastKnownFileType = text.xcconfig; name = "Pods-WoofCommunity.release.xcconfig"; path = "Target Support Files/Pods-WoofCommunity/Pods-WoofCommunity.release.xcconfig"; sourceTree = "<group>"; };
		6AE26C821AE8E16F9B9C0ADE /* Pods_WoofCommunity.framework */ = {isa = PBXFileReference; explicitFileType = wrapper.framework; includeInIndex = 0; path = Pods_WoofCommunity.framework; sourceTree = BUILT_PRODUCTS_DIR; };
		72F8370D0B69E11C4AFE00C4 /* Pods-WoofCommunity.release.xcconfig */ = {isa = PBXFileReference; includeInIndex = 1; lastKnownFileType = text.xcconfig; name = "Pods-WoofCommunity.release.xcconfig"; path = "Target Support Files/Pods-WoofCommunity/Pods-WoofCommunity.release.xcconfig"; sourceTree = "<group>"; };
		810AD2AA28809C9E0046B8A2 /* AuthenticationService.swift */ = {isa = PBXFileReference; lastKnownFileType = sourcecode.swift; path = AuthenticationService.swift; sourceTree = "<group>"; };
		810AD2AC28809F510046B8A2 /* SignInView.swift */ = {isa = PBXFileReference; lastKnownFileType = sourcecode.swift; path = SignInView.swift; sourceTree = "<group>"; };
		81AFA1EE287CCC620099D8FB /* User.swift */ = {isa = PBXFileReference; lastKnownFileType = sourcecode.swift; path = User.swift; sourceTree = "<group>"; };
		81AFA1F0287CCC8A0099D8FB /* HomePageListView.swift */ = {isa = PBXFileReference; lastKnownFileType = sourcecode.swift; path = HomePageListView.swift; sourceTree = "<group>"; };
		81AFA1F2287CD8420099D8FB /* GoogleService-Info.plist */ = {isa = PBXFileReference; fileEncoding = 4; lastKnownFileType = text.plist.xml; path = "GoogleService-Info.plist"; sourceTree = "<group>"; };
		81AFA234287E1DC50099D8FB /* UserViewModel.swift */ = {isa = PBXFileReference; lastKnownFileType = sourcecode.swift; path = UserViewModel.swift; sourceTree = "<group>"; };
		81B57357287E5B2E00F04ABC /* UserDetailView.swift */ = {isa = PBXFileReference; lastKnownFileType = sourcecode.swift; path = UserDetailView.swift; sourceTree = "<group>"; };
		81FB5D812878BB0400230D75 /* WoofCommunity.app */ = {isa = PBXFileReference; explicitFileType = wrapper.application; includeInIndex = 0; path = WoofCommunity.app; sourceTree = BUILT_PRODUCTS_DIR; };
		81FB5D842878BB0400230D75 /* WoofCommunityApp.swift */ = {isa = PBXFileReference; lastKnownFileType = sourcecode.swift; path = WoofCommunityApp.swift; sourceTree = "<group>"; };
		81FB5D882878BB0A00230D75 /* Assets.xcassets */ = {isa = PBXFileReference; lastKnownFileType = folder.assetcatalog; path = Assets.xcassets; sourceTree = "<group>"; };
		81FB5D8B2878BB0A00230D75 /* Preview Assets.xcassets */ = {isa = PBXFileReference; lastKnownFileType = folder.assetcatalog; path = "Preview Assets.xcassets"; sourceTree = "<group>"; };
		A0A9FC287D4AB99C1918E001 /* Pods-WoofCommunity.debug.xcconfig */ = {isa = PBXFileReference; includeInIndex = 1; lastKnownFileType = text.xcconfig; name = "Pods-WoofCommunity.debug.xcconfig"; path = "Target Support Files/Pods-WoofCommunity/Pods-WoofCommunity.debug.xcconfig"; sourceTree = "<group>"; };
		D77BAF110E393FD1358DC240 /* Pods-WoofCommunity.debug.xcconfig */ = {isa = PBXFileReference; includeInIndex = 1; lastKnownFileType = text.xcconfig; name = "Pods-WoofCommunity.debug.xcconfig"; path = "Target Support Files/Pods-WoofCommunity/Pods-WoofCommunity.debug.xcconfig"; sourceTree = "<group>"; };
/* End PBXFileReference section */

/* Begin PBXFrameworksBuildPhase section */
		81FB5D7E2878BB0400230D75 /* Frameworks */ = {
			isa = PBXFrameworksBuildPhase;
			buildActionMask = 2147483647;
			files = (
				173221C85682704D6C1ECC16 /* Pods_WoofCommunity.framework in Frameworks */,
			);
			runOnlyForDeploymentPostprocessing = 0;
		};
/* End PBXFrameworksBuildPhase section */

/* Begin PBXGroup section */
		491E735FDCAA764D31FD9D2E /* Pods */ = {
			isa = PBXGroup;
			children = (
				A0A9FC287D4AB99C1918E001 /* Pods-WoofCommunity.debug.xcconfig */,
				72F8370D0B69E11C4AFE00C4 /* Pods-WoofCommunity.release.xcconfig */,
			);
			path = Pods;
			sourceTree = "<group>";
		};
		810AD2A928809C920046B8A2 /* Services */ = {
			isa = PBXGroup;
			children = (
				810AD2AA28809C9E0046B8A2 /* AuthenticationService.swift */,
			);
			path = Services;
			sourceTree = "<group>";
		};
		81AFA1EA287CCC3C0099D8FB /* Models */ = {
			isa = PBXGroup;
			children = (
				81AFA1EE287CCC620099D8FB /* User.swift */,
			);
			path = Models;
			sourceTree = "<group>";
		};
		81AFA1EB287CCC400099D8FB /* Views */ = {
			isa = PBXGroup;
			children = (
				81FB5D842878BB0400230D75 /* WoofCommunityApp.swift */,
				81AFA1F0287CCC8A0099D8FB /* HomePageListView.swift */,
				81AFA1ED287CCC4A0099D8FB /* DetailViews */,
				810AD2AC28809F510046B8A2 /* SignInView.swift */,
			);
			path = Views;
			sourceTree = "<group>";
		};
		81AFA1EC287CCC430099D8FB /* Resources */ = {
			isa = PBXGroup;
			children = (
				81FB5D882878BB0A00230D75 /* Assets.xcassets */,
			);
			path = Resources;
			sourceTree = "<group>";
		};
		81AFA1ED287CCC4A0099D8FB /* DetailViews */ = {
			isa = PBXGroup;
			children = (
				81B57357287E5B2E00F04ABC /* UserDetailView.swift */,
			);
			path = DetailViews;
			sourceTree = "<group>";
		};
		81AFA233287E1DA80099D8FB /* ViewModels */ = {
			isa = PBXGroup;
			children = (
				81AFA234287E1DC50099D8FB /* UserViewModel.swift */,
			);
			path = ViewModels;
			sourceTree = "<group>";
		};
		81FB5D782878BB0400230D75 = {
			isa = PBXGroup;
			children = (
				81FB5D832878BB0400230D75 /* WoofCommunity */,
				81FB5D822878BB0400230D75 /* Products */,
				E65BFA799EC451232396A601 /* Frameworks */,
				491E735FDCAA764D31FD9D2E /* Pods */,
			);
			sourceTree = "<group>";
		};
		81FB5D822878BB0400230D75 /* Products */ = {
			isa = PBXGroup;
			children = (
				81FB5D812878BB0400230D75 /* WoofCommunity.app */,
			);
			name = Products;
			sourceTree = "<group>";
		};
		81FB5D832878BB0400230D75 /* WoofCommunity */ = {
			isa = PBXGroup;
			children = (
				810AD2A928809C920046B8A2 /* Services */,
				81AFA1F2287CD8420099D8FB /* GoogleService-Info.plist */,
				81AFA1EA287CCC3C0099D8FB /* Models */,
				81AFA233287E1DA80099D8FB /* ViewModels */,
				81AFA1EB287CCC400099D8FB /* Views */,
				81AFA1EC287CCC430099D8FB /* Resources */,
				81FB5D8A2878BB0A00230D75 /* Preview Content */,
			);
			path = WoofCommunity;
			sourceTree = "<group>";
		};
		81FB5D8A2878BB0A00230D75 /* Preview Content */ = {
			isa = PBXGroup;
			children = (
				954958042A7796703ED807D8 /* Pods */,
				81FB5D8B2878BB0A00230D75 /* Preview Assets.xcassets */,
			);
			path = "Preview Content";
			sourceTree = "<group>";
		};
		954958042A7796703ED807D8 /* Pods */ = {
			isa = PBXGroup;
			children = (
				D77BAF110E393FD1358DC240 /* Pods-WoofCommunity.debug.xcconfig */,
				0B6F4FFFBEAC5F859D81ECA5 /* Pods-WoofCommunity.release.xcconfig */,
			);
			path = Pods;
			sourceTree = "<group>";
		};
		E65BFA799EC451232396A601 /* Frameworks */ = {
			isa = PBXGroup;
			children = (
				6AE26C821AE8E16F9B9C0ADE /* Pods_WoofCommunity.framework */,
			);
			name = Frameworks;
			sourceTree = "<group>";
		};
/* End PBXGroup section */

/* Begin PBXNativeTarget section */
		81FB5D802878BB0400230D75 /* WoofCommunity */ = {
			isa = PBXNativeTarget;
			buildConfigurationList = 81FB5D8F2878BB0A00230D75 /* Build configuration list for PBXNativeTarget "WoofCommunity" */;
			buildPhases = (
				BDDC966D3420B141DAFC2571 /* [CP] Check Pods Manifest.lock */,
				81FB5D7D2878BB0400230D75 /* Sources */,
				81FB5D7E2878BB0400230D75 /* Frameworks */,
				81FB5D7F2878BB0400230D75 /* Resources */,
				5AE6DF31B5B48A3F14BC48DC /* [CP] Embed Pods Frameworks */,
			);
			buildRules = (
			);
			dependencies = (
			);
			name = WoofCommunity;
			productName = WoofCommunity;
			productReference = 81FB5D812878BB0400230D75 /* WoofCommunity.app */;
			productType = "com.apple.product-type.application";
		};
/* End PBXNativeTarget section */

/* Begin PBXProject section */
		81FB5D792878BB0400230D75 /* Project object */ = {
			isa = PBXProject;
			attributes = {
				BuildIndependentTargetsInParallel = 1;
				LastSwiftUpdateCheck = 1340;
				LastUpgradeCheck = 1340;
				TargetAttributes = {
					81FB5D802878BB0400230D75 = {
						CreatedOnToolsVersion = 13.4.1;
					};
				};
			};
			buildConfigurationList = 81FB5D7C2878BB0400230D75 /* Build configuration list for PBXProject "WoofCommunity" */;
			compatibilityVersion = "Xcode 13.0";
			developmentRegion = en;
			hasScannedForEncodings = 0;
			knownRegions = (
				en,
				Base,
			);
			mainGroup = 81FB5D782878BB0400230D75;
			productRefGroup = 81FB5D822878BB0400230D75 /* Products */;
			projectDirPath = "";
			projectRoot = "";
			targets = (
				81FB5D802878BB0400230D75 /* WoofCommunity */,
			);
		};
/* End PBXProject section */

/* Begin PBXResourcesBuildPhase section */
		81FB5D7F2878BB0400230D75 /* Resources */ = {
			isa = PBXResourcesBuildPhase;
			buildActionMask = 2147483647;
			files = (
				81FB5D8C2878BB0A00230D75 /* Preview Assets.xcassets in Resources */,
				81FB5D892878BB0A00230D75 /* Assets.xcassets in Resources */,
				81AFA1F3287CD8420099D8FB /* GoogleService-Info.plist in Resources */,
			);
			runOnlyForDeploymentPostprocessing = 0;
		};
/* End PBXResourcesBuildPhase section */

/* Begin PBXShellScriptBuildPhase section */
		5AE6DF31B5B48A3F14BC48DC /* [CP] Embed Pods Frameworks */ = {
			isa = PBXShellScriptBuildPhase;
			buildActionMask = 2147483647;
			files = (
			);
			inputFileListPaths = (
				"${PODS_ROOT}/Target Support Files/Pods-WoofCommunity/Pods-WoofCommunity-frameworks-${CONFIGURATION}-input-files.xcfilelist",
			);
			name = "[CP] Embed Pods Frameworks";
			outputFileListPaths = (
				"${PODS_ROOT}/Target Support Files/Pods-WoofCommunity/Pods-WoofCommunity-frameworks-${CONFIGURATION}-output-files.xcfilelist",
			);
			runOnlyForDeploymentPostprocessing = 0;
			shellPath = /bin/sh;
			shellScript = "\"${PODS_ROOT}/Target Support Files/Pods-WoofCommunity/Pods-WoofCommunity-frameworks.sh\"\n";
			showEnvVarsInLog = 0;
		};
		BDDC966D3420B141DAFC2571 /* [CP] Check Pods Manifest.lock */ = {
			isa = PBXShellScriptBuildPhase;
			buildActionMask = 2147483647;
			files = (
			);
			inputFileListPaths = (
			);
			inputPaths = (
				"${PODS_PODFILE_DIR_PATH}/Podfile.lock",
				"${PODS_ROOT}/Manifest.lock",
			);
			name = "[CP] Check Pods Manifest.lock";
			outputFileListPaths = (
			);
			outputPaths = (
				"$(DERIVED_FILE_DIR)/Pods-WoofCommunity-checkManifestLockResult.txt",
			);
			runOnlyForDeploymentPostprocessing = 0;
			shellPath = /bin/sh;
			shellScript = "diff \"${PODS_PODFILE_DIR_PATH}/Podfile.lock\" \"${PODS_ROOT}/Manifest.lock\" > /dev/null\nif [ $? != 0 ] ; then\n    # print error to STDERR\n    echo \"error: The sandbox is not in sync with the Podfile.lock. Run 'pod install' or update your CocoaPods installation.\" >&2\n    exit 1\nfi\n# This output is used by Xcode 'outputs' to avoid re-running this script phase.\necho \"SUCCESS\" > \"${SCRIPT_OUTPUT_FILE_0}\"\n";
			showEnvVarsInLog = 0;
		};
/* End PBXShellScriptBuildPhase section */

/* Begin PBXSourcesBuildPhase section */
		81FB5D7D2878BB0400230D75 /* Sources */ = {
			isa = PBXSourcesBuildPhase;
			buildActionMask = 2147483647;
			files = (
				81FB5D852878BB0400230D75 /* WoofCommunityApp.swift in Sources */,
				81AFA235287E1DC50099D8FB /* UserViewModel.swift in Sources */,
				81AFA1EF287CCC620099D8FB /* User.swift in Sources */,
				810AD2AB28809C9E0046B8A2 /* AuthenticationService.swift in Sources */,
				810AD2AD28809F510046B8A2 /* SignInView.swift in Sources */,
				81B57358287E5B2E00F04ABC /* UserDetailView.swift in Sources */,
				81AFA1F1287CCC8A0099D8FB /* HomePageListView.swift in Sources */,
			);
			runOnlyForDeploymentPostprocessing = 0;
		};
/* End PBXSourcesBuildPhase section */

/* Begin XCBuildConfiguration section */
		81FB5D8D2878BB0A00230D75 /* Debug */ = {
			isa = XCBuildConfiguration;
			buildSettings = {
				ALWAYS_SEARCH_USER_PATHS = NO;
				CLANG_ANALYZER_NONNULL = YES;
				CLANG_ANALYZER_NUMBER_OBJECT_CONVERSION = YES_AGGRESSIVE;
				CLANG_CXX_LANGUAGE_STANDARD = "gnu++17";
				CLANG_ENABLE_MODULES = YES;
				CLANG_ENABLE_OBJC_ARC = YES;
				CLANG_ENABLE_OBJC_WEAK = YES;
				CLANG_WARN_BLOCK_CAPTURE_AUTORELEASING = YES;
				CLANG_WARN_BOOL_CONVERSION = YES;
				CLANG_WARN_COMMA = YES;
				CLANG_WARN_CONSTANT_CONVERSION = YES;
				CLANG_WARN_DEPRECATED_OBJC_IMPLEMENTATIONS = YES;
				CLANG_WARN_DIRECT_OBJC_ISA_USAGE = YES_ERROR;
				CLANG_WARN_DOCUMENTATION_COMMENTS = YES;
				CLANG_WARN_EMPTY_BODY = YES;
				CLANG_WARN_ENUM_CONVERSION = YES;
				CLANG_WARN_INFINITE_RECURSION = YES;
				CLANG_WARN_INT_CONVERSION = YES;
				CLANG_WARN_NON_LITERAL_NULL_CONVERSION = YES;
				CLANG_WARN_OBJC_IMPLICIT_RETAIN_SELF = YES;
				CLANG_WARN_OBJC_LITERAL_CONVERSION = YES;
				CLANG_WARN_OBJC_ROOT_CLASS = YES_ERROR;
				CLANG_WARN_QUOTED_INCLUDE_IN_FRAMEWORK_HEADER = YES;
				CLANG_WARN_RANGE_LOOP_ANALYSIS = YES;
				CLANG_WARN_STRICT_PROTOTYPES = YES;
				CLANG_WARN_SUSPICIOUS_MOVE = YES;
				CLANG_WARN_UNGUARDED_AVAILABILITY = YES_AGGRESSIVE;
				CLANG_WARN_UNREACHABLE_CODE = YES;
				CLANG_WARN__DUPLICATE_METHOD_MATCH = YES;
				COPY_PHASE_STRIP = NO;
				DEBUG_INFORMATION_FORMAT = dwarf;
				ENABLE_STRICT_OBJC_MSGSEND = YES;
				ENABLE_TESTABILITY = YES;
				GCC_C_LANGUAGE_STANDARD = gnu11;
				GCC_DYNAMIC_NO_PIC = NO;
				GCC_NO_COMMON_BLOCKS = YES;
				GCC_OPTIMIZATION_LEVEL = 0;
				GCC_PREPROCESSOR_DEFINITIONS = (
					"DEBUG=1",
					"$(inherited)",
				);
				GCC_WARN_64_TO_32_BIT_CONVERSION = YES;
				GCC_WARN_ABOUT_RETURN_TYPE = YES_ERROR;
				GCC_WARN_UNDECLARED_SELECTOR = YES;
				GCC_WARN_UNINITIALIZED_AUTOS = YES_AGGRESSIVE;
				GCC_WARN_UNUSED_FUNCTION = YES;
				GCC_WARN_UNUSED_VARIABLE = YES;
				IPHONEOS_DEPLOYMENT_TARGET = 15.5;
				MTL_ENABLE_DEBUG_INFO = INCLUDE_SOURCE;
				MTL_FAST_MATH = YES;
				ONLY_ACTIVE_ARCH = YES;
				SDKROOT = iphoneos;
				SWIFT_ACTIVE_COMPILATION_CONDITIONS = DEBUG;
				SWIFT_OPTIMIZATION_LEVEL = "-Onone";
			};
			name = Debug;
		};
		81FB5D8E2878BB0A00230D75 /* Release */ = {
			isa = XCBuildConfiguration;
			buildSettings = {
				ALWAYS_SEARCH_USER_PATHS = NO;
				CLANG_ANALYZER_NONNULL = YES;
				CLANG_ANALYZER_NUMBER_OBJECT_CONVERSION = YES_AGGRESSIVE;
				CLANG_CXX_LANGUAGE_STANDARD = "gnu++17";
				CLANG_ENABLE_MODULES = YES;
				CLANG_ENABLE_OBJC_ARC = YES;
				CLANG_ENABLE_OBJC_WEAK = YES;
				CLANG_WARN_BLOCK_CAPTURE_AUTORELEASING = YES;
				CLANG_WARN_BOOL_CONVERSION = YES;
				CLANG_WARN_COMMA = YES;
				CLANG_WARN_CONSTANT_CONVERSION = YES;
				CLANG_WARN_DEPRECATED_OBJC_IMPLEMENTATIONS = YES;
				CLANG_WARN_DIRECT_OBJC_ISA_USAGE = YES_ERROR;
				CLANG_WARN_DOCUMENTATION_COMMENTS = YES;
				CLANG_WARN_EMPTY_BODY = YES;
				CLANG_WARN_ENUM_CONVERSION = YES;
				CLANG_WARN_INFINITE_RECURSION = YES;
				CLANG_WARN_INT_CONVERSION = YES;
				CLANG_WARN_NON_LITERAL_NULL_CONVERSION = YES;
				CLANG_WARN_OBJC_IMPLICIT_RETAIN_SELF = YES;
				CLANG_WARN_OBJC_LITERAL_CONVERSION = YES;
				CLANG_WARN_OBJC_ROOT_CLASS = YES_ERROR;
				CLANG_WARN_QUOTED_INCLUDE_IN_FRAMEWORK_HEADER = YES;
				CLANG_WARN_RANGE_LOOP_ANALYSIS = YES;
				CLANG_WARN_STRICT_PROTOTYPES = YES;
				CLANG_WARN_SUSPICIOUS_MOVE = YES;
				CLANG_WARN_UNGUARDED_AVAILABILITY = YES_AGGRESSIVE;
				CLANG_WARN_UNREACHABLE_CODE = YES;
				CLANG_WARN__DUPLICATE_METHOD_MATCH = YES;
				COPY_PHASE_STRIP = NO;
				DEBUG_INFORMATION_FORMAT = "dwarf-with-dsym";
				ENABLE_NS_ASSERTIONS = NO;
				ENABLE_STRICT_OBJC_MSGSEND = YES;
				GCC_C_LANGUAGE_STANDARD = gnu11;
				GCC_NO_COMMON_BLOCKS = YES;
				GCC_WARN_64_TO_32_BIT_CONVERSION = YES;
				GCC_WARN_ABOUT_RETURN_TYPE = YES_ERROR;
				GCC_WARN_UNDECLARED_SELECTOR = YES;
				GCC_WARN_UNINITIALIZED_AUTOS = YES_AGGRESSIVE;
				GCC_WARN_UNUSED_FUNCTION = YES;
				GCC_WARN_UNUSED_VARIABLE = YES;
				IPHONEOS_DEPLOYMENT_TARGET = 15.5;
				MTL_ENABLE_DEBUG_INFO = NO;
				MTL_FAST_MATH = YES;
				SDKROOT = iphoneos;
				SWIFT_COMPILATION_MODE = wholemodule;
				SWIFT_OPTIMIZATION_LEVEL = "-O";
				VALIDATE_PRODUCT = YES;
			};
			name = Release;
		};
		81FB5D902878BB0A00230D75 /* Debug */ = {
			isa = XCBuildConfiguration;
			baseConfigurationReference = D77BAF110E393FD1358DC240 /* Pods-WoofCommunity.debug.xcconfig */;
			buildSettings = {
				ASSETCATALOG_COMPILER_APPICON_NAME = AppIcon;
				ASSETCATALOG_COMPILER_GLOBAL_ACCENT_COLOR_NAME = AccentColor;
				CODE_SIGN_STYLE = Automatic;
				CURRENT_PROJECT_VERSION = 1;
				DEVELOPMENT_ASSET_PATHS = "\"WoofCommunity/Preview Content\"";
				DEVELOPMENT_TEAM = 2864USZ3L7;
				ENABLE_PREVIEWS = YES;
				GENERATE_INFOPLIST_FILE = YES;
				INFOPLIST_KEY_UIApplicationSceneManifest_Generation = YES;
				INFOPLIST_KEY_UIApplicationSupportsIndirectInputEvents = YES;
				INFOPLIST_KEY_UILaunchScreen_Generation = YES;
				INFOPLIST_KEY_UISupportedInterfaceOrientations_iPad = "UIInterfaceOrientationPortrait UIInterfaceOrientationPortraitUpsideDown UIInterfaceOrientationLandscapeLeft UIInterfaceOrientationLandscapeRight";
				INFOPLIST_KEY_UISupportedInterfaceOrientations_iPhone = "UIInterfaceOrientationPortrait UIInterfaceOrientationLandscapeLeft UIInterfaceOrientationLandscapeRight";
				IPHONEOS_DEPLOYMENT_TARGET = 15.0;
				LD_RUNPATH_SEARCH_PATHS = (
					"$(inherited)",
					"@executable_path/Frameworks",
				);
				MARKETING_VERSION = 1.0;
				PRODUCT_BUNDLE_IDENTIFIER = "com.kathleendiep.woof-community";
				PRODUCT_NAME = "$(TARGET_NAME)";
				SWIFT_EMIT_LOC_STRINGS = YES;
				SWIFT_VERSION = 5.0;
				TARGETED_DEVICE_FAMILY = "1,2";
			};
			name = Debug;
		};
		81FB5D912878BB0A00230D75 /* Release */ = {
			isa = XCBuildConfiguration;
			baseConfigurationReference = 0B6F4FFFBEAC5F859D81ECA5 /* Pods-WoofCommunity.release.xcconfig */;
			buildSettings = {
				ASSETCATALOG_COMPILER_APPICON_NAME = AppIcon;
				ASSETCATALOG_COMPILER_GLOBAL_ACCENT_COLOR_NAME = AccentColor;
				CODE_SIGN_STYLE = Automatic;
				CURRENT_PROJECT_VERSION = 1;
				DEVELOPMENT_ASSET_PATHS = "\"WoofCommunity/Preview Content\"";
				DEVELOPMENT_TEAM = 2864USZ3L7;
				ENABLE_PREVIEWS = YES;
				GENERATE_INFOPLIST_FILE = YES;
				INFOPLIST_KEY_UIApplicationSceneManifest_Generation = YES;
				INFOPLIST_KEY_UIApplicationSupportsIndirectInputEvents = YES;
				INFOPLIST_KEY_UILaunchScreen_Generation = YES;
				INFOPLIST_KEY_UISupportedInterfaceOrientations_iPad = "UIInterfaceOrientationPortrait UIInterfaceOrientationPortraitUpsideDown UIInterfaceOrientationLandscapeLeft UIInterfaceOrientationLandscapeRight";
				INFOPLIST_KEY_UISupportedInterfaceOrientations_iPhone = "UIInterfaceOrientationPortrait UIInterfaceOrientationLandscapeLeft UIInterfaceOrientationLandscapeRight";
				IPHONEOS_DEPLOYMENT_TARGET = 15.0;
				LD_RUNPATH_SEARCH_PATHS = (
					"$(inherited)",
					"@executable_path/Frameworks",
				);
				MARKETING_VERSION = 1.0;
				PRODUCT_BUNDLE_IDENTIFIER = "com.kathleendiep.woof-community";
				PRODUCT_NAME = "$(TARGET_NAME)";
				SWIFT_EMIT_LOC_STRINGS = YES;
				SWIFT_VERSION = 5.0;
				TARGETED_DEVICE_FAMILY = "1,2";
			};
			name = Release;
		};
/* End XCBuildConfiguration section */

/* Begin XCConfigurationList section */
		81FB5D7C2878BB0400230D75 /* Build configuration list for PBXProject "WoofCommunity" */ = {
			isa = XCConfigurationList;
			buildConfigurations = (
				81FB5D8D2878BB0A00230D75 /* Debug */,
				81FB5D8E2878BB0A00230D75 /* Release */,
			);
			defaultConfigurationIsVisible = 0;
			defaultConfigurationName = Release;
		};
		81FB5D8F2878BB0A00230D75 /* Build configuration list for PBXNativeTarget "WoofCommunity" */ = {
			isa = XCConfigurationList;
			buildConfigurations = (
				81FB5D902878BB0A00230D75 /* Debug */,
				81FB5D912878BB0A00230D75 /* Release */,
			);
			defaultConfigurationIsVisible = 0;
			defaultConfigurationName = Release;
		};
/* End XCConfigurationList section */
	};
	rootObject = 81FB5D792878BB0400230D75 /* Project object */;
}
